{
  "nodes": {
    "flakeNimbleLib": {
      "inputs": {
        "nixpkgs": [
          "nixpkgs"
        ]
      },
      "locked": {
        "lastModified": 1646967037,
        "narHash": "sha256-BoEqkGzLVnFICrF15wczZJrfF1vMVngRzF5cEgFzdzU=",
        "owner": "riinr",
        "repo": "nim-flakes-lib",
        "rev": "028e7596fdb918b72a295d220d48417ab2f5dfd1",
        "type": "github"
      },
      "original": {
        "owner": "riinr",
        "ref": "master",
        "repo": "nim-flakes-lib",
        "type": "github"
      }
    },
    "nixpkgs": {
      "locked": {
        "narHash": "sha256-+8mazL4KLh6VltXYJc5+QFA5Q1i+Uh/TadRl9/+qcx8=",
        "path": "/nix/store/gddrvlqs5qf1bp3kc80gp3qg5vm8kj76-source",
        "type": "path"
      },
      "original": {
        "id": "nixpkgs",
        "type": "indirect"
      }
    },
    "root": {
      "inputs": {
        "flakeNimbleLib": "flakeNimbleLib",
        "nixpkgs": "nixpkgs",
        "src-nimble-v0_9_0": "src-nimble-v0_9_0"
      }
    },
    "src-nimble-v0_9_0": {
      "flake": false,
      "locked": {
        "lastModified": 1537397607,
        "narHash": "sha256-mtzAPHSMZNcEOhmYnl88/etUMBSLEQLykW5cYMZWUZk=",
        "owner": "nim-lang",
        "repo": "nimble",
        "rev": "af1c1d73c32b6e9fe7a8aecf3768d9f482b18180",
        "type": "github"
      },
      "original": {
        "owner": "nim-lang",
        "ref": "refs/tags/v0.9.0",
        "repo": "nimble",
        "type": "github"
      }
    }
  },
  "root": "root",
  "version": 7
}
