{
  "nodes": {
    "flakeNimbleLib": {
      "inputs": {
        "nixpkgs": [
          "nixpkgs"
        ]
      },
      "locked": {
        "lastModified": 1648105061,
        "narHash": "sha256-Je25qNlH4xrH3+m6vIq6yPvdfQ80FRTwX4JOhrRLduc=",
        "owner": "riinr",
        "repo": "nim-flakes-lib",
        "rev": "f1ec5e2f15b9f717c33b6942ce7cb344ff868522",
        "type": "github"
      },
      "original": {
        "owner": "riinr",
        "ref": "master",
        "repo": "nim-flakes-lib",
        "type": "github"
      }
    },
    "nixpkgs": {
      "locked": {
        "lastModified": 0,
        "narHash": "sha256-BBeCZwZImtjP3oYy4WogkQYy5OxNyfNciVSc1AfZgLQ=",
        "path": "/nix/store/z8fi1f38y14lmsyhnph1l98qr3r9x7wr-source",
        "type": "path"
      },
      "original": {
        "id": "nixpkgs",
        "type": "indirect"
      }
    },
    "root": {
      "inputs": {
        "flakeNimbleLib": "flakeNimbleLib",
        "nixpkgs": "nixpkgs",
        "src-nimble-master": "src-nimble-master"
      }
    },
    "src-nimble-master": {
      "flake": false,
      "locked": {
        "lastModified": 1657906361,
        "narHash": "sha256-JWLBDAdAYRkKq7b3AIRU+kn6spqyGIeSnoQN+QC48bM=",
        "owner": "nim-lang",
        "repo": "nimble",
        "rev": "25d6e4a3c350cf3605053854a7bfcb1b92f4792a",
        "type": "github"
      },
      "original": {
        "owner": "nim-lang",
        "ref": "refs/heads/master",
        "repo": "nimble",
        "type": "github"
      }
    }
  },
  "root": "root",
  "version": 7
}
